# This file is automatically @generated by Cargo.
# It is not intended for manual editing.
version = 4

[[package]]
name = "lz4_flex"
version = "0.11.5"
source = "registry+https://github.com/rust-lang/crates.io-index"
checksum = "08ab2867e3eeeca90e844d1940eab391c9dc5228783db2ed999acbc0a9ed375a"
dependencies = [
 "twox-hash",
]

[[package]]
name = "lz4_wrapper"
version = "0.1.0"
dependencies = [
 "lz4_flex",
]

[[package]]
name = "twox-hash"
version = "2.1.1"
source = "registry+https://github.com/rust-lang/crates.io-index"
checksum = "8b907da542cbced5261bd3256de1b3a1bf340a3d37f93425a07362a1d687de56"
